
Microsoft Visual Studio Solution File, Format Version 12.00
Project("{FAE04EC0-301F-11D3-BF4B-00C04F79EFBC}") = "Telnyx.NET", "Telnyx.NET\Telnyx.NET.csproj", "{5FB25C47-8AE4-4912-98E1-14AE6E20BA79}"
EndProject
Project("{FAE04EC0-301F-11D3-BF4B-00C04F79EFBC}") = "Telnyx.NET.Tests", "Telnyx.NET.Tests\Telnyx.NET.Tests.csproj", "{2C1FE733-2A8A-48A8-B8D7-68A280B90CC7}"
EndProject
Global
	GlobalSection(SolutionConfigurationPlatforms) = preSolution
		Debug|Any CPU = Debug|Any CPU
		Release|Any CPU = Release|Any CPU
	EndGlobalSection
	GlobalSection(ProjectConfigurationPlatforms) = postSolution
		{5FB25C47-8AE4-4912-98E1-14AE6E20BA79}.Debug|Any CPU.ActiveCfg = Debug|Any CPU
		{5FB25C47-8AE4-4912-98E1-14AE6E20BA79}.Debug|Any CPU.Build.0 = Debug|Any CPU
		{5FB25C47-8AE4-4912-98E1-14AE6E20BA79}.Release|Any CPU.ActiveCfg = Release|Any CPU
		{5FB25C47-8AE4-4912-98E1-14AE6E20BA79}.Release|Any CPU.Build.0 = Release|Any CPU
		{2C1FE733-2A8A-48A8-B8D7-68A280B90CC7}.Debug|Any CPU.ActiveCfg = Debug|Any CPU
		{2C1FE733-2A8A-48A8-B8D7-68A280B90CC7}.Debug|Any CPU.Build.0 = Debug|Any CPU
		{2C1FE733-2A8A-48A8-B8D7-68A280B90CC7}.Release|Any CPU.ActiveCfg = Release|Any CPU
		{2C1FE733-2A8A-48A8-B8D7-68A280B90CC7}.Release|Any CPU.Build.0 = Release|Any CPU
	EndGlobalSection
EndGlobal
